# This file is automatically @generated by Cargo.
# It is not intended for manual editing.
version = 4

[[package]]
name = "bitget-rest"
version = "0.1.0"

[[package]]
name = "bitget-signer"
version = "0.1.0"

[[package]]
name = "bitget-types"
version = "0.1.0"

[[package]]
name = "bitget-websocket"
version = "0.1.0"
